
Microsoft Visual Studio Solution File, Format Version 12.00
# Visual Studio 15
VisualStudioVersion = 15.0.26430.16
MinimumVisualStudioVersion = 10.0.40219.1
Project("{FAE04EC0-301F-11D3-BF4B-00C04F79EFBC}") = "com.Goval.FacturaDigital.Android", "com.Goval.FacturaDigital\com.Goval.FacturaDigital.Android\com.Goval.FacturaDigital.Android.csproj", "{ED608F15-AC32-454B-B982-7FCF4F16DFA9}"
EndProject
Project("{FAE04EC0-301F-11D3-BF4B-00C04F79EFBC}") = "com.Goval.FacturaDigital", "com.Goval.FacturaDigital\com.Goval.FacturaDigital\com.Goval.FacturaDigital.csproj", "{1FCCF907-CEE8-4471-BAFF-3EE710D47B76}"
EndProject
Project("{FAE04EC0-301F-11D3-BF4B-00C04F79EFBC}") = "com.Goval.FacturaDigital.iOS", "com.Goval.FacturaDigital\com.Goval.FacturaDigital.iOS\com.Goval.FacturaDigital.iOS.csproj", "{E2B5D0AA-A9D0-4098-ADF1-0BFCA0D89FD6}"
EndProject
Global
	GlobalSection(SolutionConfigurationPlatforms) = preSolution
		Ad-Hoc|Any CPU = Ad-Hoc|Any CPU
		Ad-Hoc|iPhone = Ad-Hoc|iPhone
		Ad-Hoc|iPhoneSimulator = Ad-Hoc|iPhoneSimulator
		AppStore|Any CPU = AppStore|Any CPU
		AppStore|iPhone = AppStore|iPhone
		AppStore|iPhoneSimulator = AppStore|iPhoneSimulator
		Debug|Any CPU = Debug|Any CPU
		Debug|iPhone = Debug|iPhone
		Debug|iPhoneSimulator = Debug|iPhoneSimulator
		Release|Any CPU = Release|Any CPU
		Release|iPhone = Release|iPhone
		Release|iPhoneSimulator = Release|iPhoneSimulator
	EndGlobalSection
	GlobalSection(ProjectConfigurationPlatforms) = postSolution
		{ED608F15-AC32-454B-B982-7FCF4F16DFA9}.Ad-Hoc|Any CPU.ActiveCfg = Release|Any CPU
		{ED608F15-AC32-454B-B982-7FCF4F16DFA9}.Ad-Hoc|Any CPU.Build.0 = Release|Any CPU
		{ED608F15-AC32-454B-B982-7FCF4F16DFA9}.Ad-Hoc|Any CPU.Deploy.0 = Release|Any CPU
		{ED608F15-AC32-454B-B982-7FCF4F16DFA9}.Ad-Hoc|iPhone.ActiveCfg = Release|Any CPU
		{ED608F15-AC32-454B-B982-7FCF4F16DFA9}.Ad-Hoc|iPhone.Build.0 = Release|Any CPU
		{ED608F15-AC32-454B-B982-7FCF4F16DFA9}.Ad-Hoc|iPhone.Deploy.0 = Release|Any CPU
		{ED608F15-AC32-454B-B982-7FCF4F16DFA9}.Ad-Hoc|iPhoneSimulator.ActiveCfg = Release|Any CPU
		{ED608F15-AC32-454B-B982-7FCF4F16DFA9}.Ad-Hoc|iPhoneSimulator.Build.0 = Release|Any CPU
		{ED608F15-AC32-454B-B982-7FCF4F16DFA9}.Ad-Hoc|iPhoneSimulator.Deploy.0 = Release|Any CPU
		{ED608F15-AC32-454B-B982-7FCF4F16DFA9}.AppStore|Any CPU.ActiveCfg = Release|Any CPU
		{ED608F15-AC32-454B-B982-7FCF4F16DFA9}.AppStore|Any CPU.Build.0 = Release|Any CPU
		{ED608F15-AC32-454B-B982-7FCF4F16DFA9}.AppStore|Any CPU.Deploy.0 = Release|Any CPU
		{ED608F15-AC32-454B-B982-7FCF4F16DFA9}.AppStore|iPhone.ActiveCfg = Release|Any CPU
		{ED608F15-AC32-454B-B982-7FCF4F16DFA9}.AppStore|iPhone.Build.0 = Release|Any CPU
		{ED608F15-AC32-454B-B982-7FCF4F16DFA9}.AppStore|iPhone.Deploy.0 = Release|Any CPU
		{ED608F15-AC32-454B-B982-7FCF4F16DFA9}.AppStore|iPhoneSimulator.ActiveCfg = Release|Any CPU
		{ED608F15-AC32-454B-B982-7FCF4F16DFA9}.AppStore|iPhoneSimulator.Build.0 = Release|Any CPU
		{ED608F15-AC32-454B-B982-7FCF4F16DFA9}.AppStore|iPhoneSimulator.Deploy.0 = Release|Any CPU
		{ED608F15-AC32-454B-B982-7FCF4F16DFA9}.Debug|Any CPU.ActiveCfg = Debug|Any CPU
		{ED608F15-AC32-454B-B982-7FCF4F16DFA9}.Debug|Any CPU.Build.0 = Debug|Any CPU
		{ED608F15-AC32-454B-B982-7FCF4F16DFA9}.Debug|Any CPU.Deploy.0 = Debug|Any CPU
		{ED608F15-AC32-454B-B982-7FCF4F16DFA9}.Debug|iPhone.ActiveCfg = Debug|Any CPU
		{ED608F15-AC32-454B-B982-7FCF4F16DFA9}.Debug|iPhone.Build.0 = Debug|Any CPU
		{ED608F15-AC32-454B-B982-7FCF4F16DFA9}.Debug|iPhone.Deploy.0 = Debug|Any CPU
		{ED608F15-AC32-454B-B982-7FCF4F16DFA9}.Debug|iPhoneSimulator.ActiveCfg = Debug|Any CPU
		{ED608F15-AC32-454B-B982-7FCF4F16DFA9}.Debug|iPhoneSimulator.Build.0 = Debug|Any CPU
		{ED608F15-AC32-454B-B982-7FCF4F16DFA9}.Debug|iPhoneSimulator.Deploy.0 = Debug|Any CPU
		{ED608F15-AC32-454B-B982-7FCF4F16DFA9}.Release|Any CPU.ActiveCfg = Release|Any CPU
		{ED608F15-AC32-454B-B982-7FCF4F16DFA9}.Release|Any CPU.Build.0 = Release|Any CPU
		{ED608F15-AC32-454B-B982-7FCF4F16DFA9}.Release|Any CPU.Deploy.0 = Release|Any CPU
		{ED608F15-AC32-454B-B982-7FCF4F16DFA9}.Release|iPhone.ActiveCfg = Release|Any CPU
		{ED608F15-AC32-454B-B982-7FCF4F16DFA9}.Release|iPhone.Build.0 = Release|Any CPU
		{ED608F15-AC32-454B-B982-7FCF4F16DFA9}.Release|iPhone.Deploy.0 = Release|Any CPU
		{ED608F15-AC32-454B-B982-7FCF4F16DFA9}.Release|iPhoneSimulator.ActiveCfg = Release|Any CPU
		{ED608F15-AC32-454B-B982-7FCF4F16DFA9}.Release|iPhoneSimulator.Build.0 = Release|Any CPU
		{ED608F15-AC32-454B-B982-7FCF4F16DFA9}.Release|iPhoneSimulator.Deploy.0 = Release|Any CPU
		{1FCCF907-CEE8-4471-BAFF-3EE710D47B76}.Ad-Hoc|Any CPU.ActiveCfg = Release|Any CPU
		{1FCCF907-CEE8-4471-BAFF-3EE710D47B76}.Ad-Hoc|Any CPU.Build.0 = Release|Any CPU
		{1FCCF907-CEE8-4471-BAFF-3EE710D47B76}.Ad-Hoc|iPhone.ActiveCfg = Release|Any CPU
		{1FCCF907-CEE8-4471-BAFF-3EE710D47B76}.Ad-Hoc|iPhone.Build.0 = Release|Any CPU
		{1FCCF907-CEE8-4471-BAFF-3EE710D47B76}.Ad-Hoc|iPhoneSimulator.ActiveCfg = Release|Any CPU
		{1FCCF907-CEE8-4471-BAFF-3EE710D47B76}.Ad-Hoc|iPhoneSimulator.Build.0 = Release|Any CPU
		{1FCCF907-CEE8-4471-BAFF-3EE710D47B76}.AppStore|Any CPU.ActiveCfg = Release|Any CPU
		{1FCCF907-CEE8-4471-BAFF-3EE710D47B76}.AppStore|Any CPU.Build.0 = Release|Any CPU
		{1FCCF907-CEE8-4471-BAFF-3EE710D47B76}.AppStore|iPhone.ActiveCfg = Release|Any CPU
		{1FCCF907-CEE8-4471-BAFF-3EE710D47B76}.AppStore|iPhone.Build.0 = Release|Any CPU
		{1FCCF907-CEE8-4471-BAFF-3EE710D47B76}.AppStore|iPhoneSimulator.ActiveCfg = Release|Any CPU
		{1FCCF907-CEE8-4471-BAFF-3EE710D47B76}.AppStore|iPhoneSimulator.Build.0 = Release|Any CPU
		{1FCCF907-CEE8-4471-BAFF-3EE710D47B76}.Debug|Any CPU.ActiveCfg = Debug|Any CPU
		{1FCCF907-CEE8-4471-BAFF-3EE710D47B76}.Debug|Any CPU.Build.0 = Debug|Any CPU
		{1FCCF907-CEE8-4471-BAFF-3EE710D47B76}.Debug|iPhone.ActiveCfg = Debug|Any CPU
		{1FCCF907-CEE8-4471-BAFF-3EE710D47B76}.Debug|iPhone.Build.0 = Debug|Any CPU
		{1FCCF907-CEE8-4471-BAFF-3EE710D47B76}.Debug|iPhoneSimulator.ActiveCfg = Debug|Any CPU
		{1FCCF907-CEE8-4471-BAFF-3EE710D47B76}.Debug|iPhoneSimulator.Build.0 = Debug|Any CPU
		{1FCCF907-CEE8-4471-BAFF-3EE710D47B76}.Release|Any CPU.ActiveCfg = Release|Any CPU
		{1FCCF907-CEE8-4471-BAFF-3EE710D47B76}.Release|Any CPU.Build.0 = Release|Any CPU
		{1FCCF907-CEE8-4471-BAFF-3EE710D47B76}.Release|iPhone.ActiveCfg = Release|Any CPU
		{1FCCF907-CEE8-4471-BAFF-3EE710D47B76}.Release|iPhone.Build.0 = Release|Any CPU
		{1FCCF907-CEE8-4471-BAFF-3EE710D47B76}.Release|iPhoneSimulator.ActiveCfg = Release|Any CPU
		{1FCCF907-CEE8-4471-BAFF-3EE710D47B76}.Release|iPhoneSimulator.Build.0 = Release|Any CPU
		{E2B5D0AA-A9D0-4098-ADF1-0BFCA0D89FD6}.Ad-Hoc|Any CPU.ActiveCfg = Ad-Hoc|iPhone
		{E2B5D0AA-A9D0-4098-ADF1-0BFCA0D89FD6}.Ad-Hoc|iPhone.ActiveCfg = Ad-Hoc|iPhone
		{E2B5D0AA-A9D0-4098-ADF1-0BFCA0D89FD6}.Ad-Hoc|iPhone.Build.0 = Ad-Hoc|iPhone
		{E2B5D0AA-A9D0-4098-ADF1-0BFCA0D89FD6}.Ad-Hoc|iPhoneSimulator.ActiveCfg = Ad-Hoc|iPhoneSimulator
		{E2B5D0AA-A9D0-4098-ADF1-0BFCA0D89FD6}.Ad-Hoc|iPhoneSimulator.Build.0 = Ad-Hoc|iPhoneSimulator
		{E2B5D0AA-A9D0-4098-ADF1-0BFCA0D89FD6}.AppStore|Any CPU.ActiveCfg = AppStore|iPhone
		{E2B5D0AA-A9D0-4098-ADF1-0BFCA0D89FD6}.AppStore|iPhone.ActiveCfg = AppStore|iPhone
		{E2B5D0AA-A9D0-4098-ADF1-0BFCA0D89FD6}.AppStore|iPhone.Build.0 = AppStore|iPhone
		{E2B5D0AA-A9D0-4098-ADF1-0BFCA0D89FD6}.AppStore|iPhoneSimulator.ActiveCfg = AppStore|iPhoneSimulator
		{E2B5D0AA-A9D0-4098-ADF1-0BFCA0D89FD6}.AppStore|iPhoneSimulator.Build.0 = AppStore|iPhoneSimulator
		{E2B5D0AA-A9D0-4098-ADF1-0BFCA0D89FD6}.Debug|Any CPU.ActiveCfg = Debug|iPhone
		{E2B5D0AA-A9D0-4098-ADF1-0BFCA0D89FD6}.Debug|iPhone.ActiveCfg = Debug|iPhone
		{E2B5D0AA-A9D0-4098-ADF1-0BFCA0D89FD6}.Debug|iPhone.Build.0 = Debug|iPhone
		{E2B5D0AA-A9D0-4098-ADF1-0BFCA0D89FD6}.Debug|iPhoneSimulator.ActiveCfg = Debug|iPhoneSimulator
		{E2B5D0AA-A9D0-4098-ADF1-0BFCA0D89FD6}.Debug|iPhoneSimulator.Build.0 = Debug|iPhoneSimulator
		{E2B5D0AA-A9D0-4098-ADF1-0BFCA0D89FD6}.Release|Any CPU.ActiveCfg = Release|iPhone
		{E2B5D0AA-A9D0-4098-ADF1-0BFCA0D89FD6}.Release|iPhone.ActiveCfg = Release|iPhone
		{E2B5D0AA-A9D0-4098-ADF1-0BFCA0D89FD6}.Release|iPhone.Build.0 = Release|iPhone
		{E2B5D0AA-A9D0-4098-ADF1-0BFCA0D89FD6}.Release|iPhoneSimulator.ActiveCfg = Release|iPhoneSimulator
		{E2B5D0AA-A9D0-4098-ADF1-0BFCA0D89FD6}.Release|iPhoneSimulator.Build.0 = Release|iPhoneSimulator
	EndGlobalSection
	GlobalSection(SolutionProperties) = preSolution
		HideSolutionNode = FALSE
	EndGlobalSection
EndGlobal
